
Microsoft Visual Studio Solution File, Format Version 12.00
# Visual Studio Version 17
VisualStudioVersion = 17.3.32922.545
MinimumVisualStudioVersion = 10.0.40219.1
Project("{FAE04EC0-301F-11D3-BF4B-00C04F79EFBC}") = "Text editor", "Text editor\Text editor.csproj", "{146A896C-E196-41A4-B40B-918C592C4A2B}"
EndProject
Global
	GlobalSection(SolutionConfigurationPlatforms) = preSolution
		Debug|Any CPU = Debug|Any CPU
		Release|Any CPU = Release|Any CPU
	EndGlobalSection
	GlobalSection(ProjectConfigurationPlatforms) = postSolution
		{146A896C-E196-41A4-B40B-918C592C4A2B}.Debug|Any CPU.ActiveCfg = Debug|Any CPU
		{146A896C-E196-41A4-B40B-918C592C4A2B}.Debug|Any CPU.Build.0 = Debug|Any CPU
		{146A896C-E196-41A4-B40B-918C592C4A2B}.Release|Any CPU.ActiveCfg = Release|Any CPU
		{146A896C-E196-41A4-B40B-918C592C4A2B}.Release|Any CPU.Build.0 = Release|Any CPU
	EndGlobalSection
	GlobalSection(SolutionProperties) = preSolution
		HideSolutionNode = FALSE
	EndGlobalSection
	GlobalSection(ExtensibilityGlobals) = postSolution
		SolutionGuid = {17EAA9F6-8CBE-449C-8744-0FD1645B1385}
	EndGlobalSection
EndGlobal
